
Microsoft Visual Studio Solution File, Format Version 12.00
# Visual Studio Version 17
VisualStudioVersion = 17.0.32112.339
MinimumVisualStudioVersion = 10.0.40219.1
Project("{FAE04EC0-301F-11D3-BF4B-00C04F79EFBC}") = "Invitca.Numerics", "Invitca.Numerics\Invitca.Numerics.csproj", "{D9E8C9F2-1A4A-403D-A30F-B1C46D6A9D50}"
EndProject
Project("{FAE04EC0-301F-11D3-BF4B-00C04F79EFBC}") = "Invitca.Numerics.Test", "Invitca.Numerics.Test\Invitca.Numerics.Test.csproj", "{5AEA44D0-A71F-42C5-816A-182DC5D89B2F}"
EndProject
Global
	GlobalSection(SolutionConfigurationPlatforms) = preSolution
		Debug|Any CPU = Debug|Any CPU
		Release|Any CPU = Release|Any CPU
	EndGlobalSection
	GlobalSection(ProjectConfigurationPlatforms) = postSolution
		{D9E8C9F2-1A4A-403D-A30F-B1C46D6A9D50}.Debug|Any CPU.ActiveCfg = Debug|Any CPU
		{D9E8C9F2-1A4A-403D-A30F-B1C46D6A9D50}.Debug|Any CPU.Build.0 = Debug|Any CPU
		{D9E8C9F2-1A4A-403D-A30F-B1C46D6A9D50}.Release|Any CPU.ActiveCfg = Release|Any CPU
		{D9E8C9F2-1A4A-403D-A30F-B1C46D6A9D50}.Release|Any CPU.Build.0 = Release|Any CPU
		{5AEA44D0-A71F-42C5-816A-182DC5D89B2F}.Debug|Any CPU.ActiveCfg = Debug|Any CPU
		{5AEA44D0-A71F-42C5-816A-182DC5D89B2F}.Debug|Any CPU.Build.0 = Debug|Any CPU
		{5AEA44D0-A71F-42C5-816A-182DC5D89B2F}.Release|Any CPU.ActiveCfg = Release|Any CPU
		{5AEA44D0-A71F-42C5-816A-182DC5D89B2F}.Release|Any CPU.Build.0 = Release|Any CPU
	EndGlobalSection
	GlobalSection(SolutionProperties) = preSolution
		HideSolutionNode = FALSE
	EndGlobalSection
	GlobalSection(ExtensibilityGlobals) = postSolution
		SolutionGuid = {91FA44AD-7BFF-40FE-A785-93145143095D}
	EndGlobalSection
EndGlobal
